
Microsoft Visual Studio Solution File, Format Version 12.00
# Visual Studio Version 17
VisualStudioVersion = 17.6.33723.286
MinimumVisualStudioVersion = 10.0.40219.1
Project("{9A19103F-16F7-4668-BE54-9A1E7A4F7556}") = "Domain", "Domain\Domain.csproj", "{BE48238A-E728-4B4E-9A70-1D40C997A871}"
EndProject
Project("{9A19103F-16F7-4668-BE54-9A1E7A4F7556}") = "Apis", "Apis\Apis.csproj", "{11900187-F41D-4FC4-8097-0950B563942C}"
EndProject
Project("{9A19103F-16F7-4668-BE54-9A1E7A4F7556}") = "Infrastructure", "Infrastructure\Infrastructure.csproj", "{D36CA0C4-62C1-4564-BFC8-9E4A631414E5}"
EndProject
Project("{9A19103F-16F7-4668-BE54-9A1E7A4F7556}") = "Application", "Application\Application.csproj", "{95D05509-A150-4081-8D85-DFF7B9FF8FEA}"
EndProject
Project("{FAE04EC0-301F-11D3-BF4B-00C04F79EFBC}") = "Context", "Context\Context.csproj", "{B79FF77B-9062-454E-B0A2-593A16201063}"
EndProject
Project("{FAE04EC0-301F-11D3-BF4B-00C04F79EFBC}") = "Dto", "Dto\Dto.csproj", "{2F611E17-978F-4319-A409-A0E14F20756D}"
EndProject
Global
	GlobalSection(SolutionConfigurationPlatforms) = preSolution
		Debug|Any CPU = Debug|Any CPU
		Release|Any CPU = Release|Any CPU
	EndGlobalSection
	GlobalSection(ProjectConfigurationPlatforms) = postSolution
		{BE48238A-E728-4B4E-9A70-1D40C997A871}.Debug|Any CPU.ActiveCfg = Debug|Any CPU
		{BE48238A-E728-4B4E-9A70-1D40C997A871}.Debug|Any CPU.Build.0 = Debug|Any CPU
		{BE48238A-E728-4B4E-9A70-1D40C997A871}.Release|Any CPU.ActiveCfg = Release|Any CPU
		{BE48238A-E728-4B4E-9A70-1D40C997A871}.Release|Any CPU.Build.0 = Release|Any CPU
		{11900187-F41D-4FC4-8097-0950B563942C}.Debug|Any CPU.ActiveCfg = Debug|Any CPU
		{11900187-F41D-4FC4-8097-0950B563942C}.Debug|Any CPU.Build.0 = Debug|Any CPU
		{11900187-F41D-4FC4-8097-0950B563942C}.Release|Any CPU.ActiveCfg = Release|Any CPU
		{11900187-F41D-4FC4-8097-0950B563942C}.Release|Any CPU.Build.0 = Release|Any CPU
		{D36CA0C4-62C1-4564-BFC8-9E4A631414E5}.Debug|Any CPU.ActiveCfg = Debug|Any CPU
		{D36CA0C4-62C1-4564-BFC8-9E4A631414E5}.Debug|Any CPU.Build.0 = Debug|Any CPU
		{D36CA0C4-62C1-4564-BFC8-9E4A631414E5}.Release|Any CPU.ActiveCfg = Release|Any CPU
		{D36CA0C4-62C1-4564-BFC8-9E4A631414E5}.Release|Any CPU.Build.0 = Release|Any CPU
		{95D05509-A150-4081-8D85-DFF7B9FF8FEA}.Debug|Any CPU.ActiveCfg = Debug|Any CPU
		{95D05509-A150-4081-8D85-DFF7B9FF8FEA}.Debug|Any CPU.Build.0 = Debug|Any CPU
		{95D05509-A150-4081-8D85-DFF7B9FF8FEA}.Release|Any CPU.ActiveCfg = Release|Any CPU
		{95D05509-A150-4081-8D85-DFF7B9FF8FEA}.Release|Any CPU.Build.0 = Release|Any CPU
		{B79FF77B-9062-454E-B0A2-593A16201063}.Debug|Any CPU.ActiveCfg = Debug|Any CPU
		{B79FF77B-9062-454E-B0A2-593A16201063}.Debug|Any CPU.Build.0 = Debug|Any CPU
		{B79FF77B-9062-454E-B0A2-593A16201063}.Release|Any CPU.ActiveCfg = Release|Any CPU
		{B79FF77B-9062-454E-B0A2-593A16201063}.Release|Any CPU.Build.0 = Release|Any CPU
		{2F611E17-978F-4319-A409-A0E14F20756D}.Debug|Any CPU.ActiveCfg = Debug|Any CPU
		{2F611E17-978F-4319-A409-A0E14F20756D}.Debug|Any CPU.Build.0 = Debug|Any CPU
		{2F611E17-978F-4319-A409-A0E14F20756D}.Release|Any CPU.ActiveCfg = Release|Any CPU
		{2F611E17-978F-4319-A409-A0E14F20756D}.Release|Any CPU.Build.0 = Release|Any CPU
	EndGlobalSection
	GlobalSection(SolutionProperties) = preSolution
		HideSolutionNode = FALSE
	EndGlobalSection
	GlobalSection(ExtensibilityGlobals) = postSolution
		SolutionGuid = {8901A5E7-69D9-488D-A14D-C042A60ECD50}
	EndGlobalSection
EndGlobal
